
Microsoft Visual Studio Solution File, Format Version 11.00
# Visual Studio 2010
Project("{FAE04EC0-301F-11D3-BF4B-00C04F79EFBC}") = "ModeManager", "ModeManager\ModeManager.csproj", "{F445FE2F-974A-49DA-8AF5-BCF6DA84BC64}"
EndProject
Project("{8BC9CEB8-8B4A-11D0-8D11-00A0C91BC942}") = "XenonDll", "XenonDll\XenonDll.vcxproj", "{1BA0DD13-734C-42FD-98DF-17CACA9FF7EE}"
EndProject
Project("{8BC9CEB8-8B4A-11D0-8D11-00A0C91BC942}") = "XenonDllLauncher", "XenonDllLauncher\XenonDllLauncher.vcxproj", "{8C092BD7-8097-4E39-8CA0-5BDC61D266F3}"
EndProject
Global
	GlobalSection(SolutionConfigurationPlatforms) = preSolution
		CodeAnalysis|Mixed Platforms = CodeAnalysis|Mixed Platforms
		CodeAnalysis|x86 = CodeAnalysis|x86
		CodeAnalysis|Xbox 360 = CodeAnalysis|Xbox 360
		Debug|Mixed Platforms = Debug|Mixed Platforms
		Debug|x86 = Debug|x86
		Debug|Xbox 360 = Debug|Xbox 360
		Profile_FastCap|Mixed Platforms = Profile_FastCap|Mixed Platforms
		Profile_FastCap|x86 = Profile_FastCap|x86
		Profile_FastCap|Xbox 360 = Profile_FastCap|Xbox 360
		Profile|Mixed Platforms = Profile|Mixed Platforms
		Profile|x86 = Profile|x86
		Profile|Xbox 360 = Profile|Xbox 360
		Release_LTCG|Mixed Platforms = Release_LTCG|Mixed Platforms
		Release_LTCG|x86 = Release_LTCG|x86
		Release_LTCG|Xbox 360 = Release_LTCG|Xbox 360
		Release|Mixed Platforms = Release|Mixed Platforms
		Release|x86 = Release|x86
		Release|Xbox 360 = Release|Xbox 360
	EndGlobalSection
	GlobalSection(ProjectConfigurationPlatforms) = postSolution
		{F445FE2F-974A-49DA-8AF5-BCF6DA84BC64}.CodeAnalysis|Mixed Platforms.ActiveCfg = Release|x86
		{F445FE2F-974A-49DA-8AF5-BCF6DA84BC64}.CodeAnalysis|Mixed Platforms.Build.0 = Release|x86
		{F445FE2F-974A-49DA-8AF5-BCF6DA84BC64}.CodeAnalysis|x86.ActiveCfg = Release|x86
		{F445FE2F-974A-49DA-8AF5-BCF6DA84BC64}.CodeAnalysis|x86.Build.0 = Release|x86
		{F445FE2F-974A-49DA-8AF5-BCF6DA84BC64}.CodeAnalysis|Xbox 360.ActiveCfg = Release|x86
		{F445FE2F-974A-49DA-8AF5-BCF6DA84BC64}.Debug|Mixed Platforms.ActiveCfg = Debug|x86
		{F445FE2F-974A-49DA-8AF5-BCF6DA84BC64}.Debug|Mixed Platforms.Build.0 = Debug|x86
		{F445FE2F-974A-49DA-8AF5-BCF6DA84BC64}.Debug|x86.ActiveCfg = Debug|x86
		{F445FE2F-974A-49DA-8AF5-BCF6DA84BC64}.Debug|x86.Build.0 = Debug|x86
		{F445FE2F-974A-49DA-8AF5-BCF6DA84BC64}.Debug|Xbox 360.ActiveCfg = Debug|x86
		{F445FE2F-974A-49DA-8AF5-BCF6DA84BC64}.Profile_FastCap|Mixed Platforms.ActiveCfg = Release|x86
		{F445FE2F-974A-49DA-8AF5-BCF6DA84BC64}.Profile_FastCap|Mixed Platforms.Build.0 = Release|x86
		{F445FE2F-974A-49DA-8AF5-BCF6DA84BC64}.Profile_FastCap|x86.ActiveCfg = Release|x86
		{F445FE2F-974A-49DA-8AF5-BCF6DA84BC64}.Profile_FastCap|x86.Build.0 = Release|x86
		{F445FE2F-974A-49DA-8AF5-BCF6DA84BC64}.Profile_FastCap|Xbox 360.ActiveCfg = Release|x86
		{F445FE2F-974A-49DA-8AF5-BCF6DA84BC64}.Profile|Mixed Platforms.ActiveCfg = Release|x86
		{F445FE2F-974A-49DA-8AF5-BCF6DA84BC64}.Profile|Mixed Platforms.Build.0 = Release|x86
		{F445FE2F-974A-49DA-8AF5-BCF6DA84BC64}.Profile|x86.ActiveCfg = Release|x86
		{F445FE2F-974A-49DA-8AF5-BCF6DA84BC64}.Profile|x86.Build.0 = Release|x86
		{F445FE2F-974A-49DA-8AF5-BCF6DA84BC64}.Profile|Xbox 360.ActiveCfg = Release|x86
		{F445FE2F-974A-49DA-8AF5-BCF6DA84BC64}.Release_LTCG|Mixed Platforms.ActiveCfg = Release|x86
		{F445FE2F-974A-49DA-8AF5-BCF6DA84BC64}.Release_LTCG|Mixed Platforms.Build.0 = Release|x86
		{F445FE2F-974A-49DA-8AF5-BCF6DA84BC64}.Release_LTCG|x86.ActiveCfg = Release|x86
		{F445FE2F-974A-49DA-8AF5-BCF6DA84BC64}.Release_LTCG|x86.Build.0 = Release|x86
		{F445FE2F-974A-49DA-8AF5-BCF6DA84BC64}.Release_LTCG|Xbox 360.ActiveCfg = Release|x86
		{F445FE2F-974A-49DA-8AF5-BCF6DA84BC64}.Release|Mixed Platforms.ActiveCfg = Release|x86
		{F445FE2F-974A-49DA-8AF5-BCF6DA84BC64}.Release|Mixed Platforms.Build.0 = Release|x86
		{F445FE2F-974A-49DA-8AF5-BCF6DA84BC64}.Release|x86.ActiveCfg = Release|x86
		{F445FE2F-974A-49DA-8AF5-BCF6DA84BC64}.Release|x86.Build.0 = Release|x86
		{F445FE2F-974A-49DA-8AF5-BCF6DA84BC64}.Release|Xbox 360.ActiveCfg = Release|x86
		{1BA0DD13-734C-42FD-98DF-17CACA9FF7EE}.CodeAnalysis|Mixed Platforms.ActiveCfg = CodeAnalysis|Xbox 360
		{1BA0DD13-734C-42FD-98DF-17CACA9FF7EE}.CodeAnalysis|Mixed Platforms.Build.0 = CodeAnalysis|Xbox 360
		{1BA0DD13-734C-42FD-98DF-17CACA9FF7EE}.CodeAnalysis|Mixed Platforms.Deploy.0 = CodeAnalysis|Xbox 360
		{1BA0DD13-734C-42FD-98DF-17CACA9FF7EE}.CodeAnalysis|x86.ActiveCfg = CodeAnalysis|Xbox 360
		{1BA0DD13-734C-42FD-98DF-17CACA9FF7EE}.CodeAnalysis|Xbox 360.ActiveCfg = CodeAnalysis|Xbox 360
		{1BA0DD13-734C-42FD-98DF-17CACA9FF7EE}.CodeAnalysis|Xbox 360.Build.0 = CodeAnalysis|Xbox 360
		{1BA0DD13-734C-42FD-98DF-17CACA9FF7EE}.CodeAnalysis|Xbox 360.Deploy.0 = CodeAnalysis|Xbox 360
		{1BA0DD13-734C-42FD-98DF-17CACA9FF7EE}.Debug|Mixed Platforms.ActiveCfg = Debug|Xbox 360
		{1BA0DD13-734C-42FD-98DF-17CACA9FF7EE}.Debug|Mixed Platforms.Build.0 = Debug|Xbox 360
		{1BA0DD13-734C-42FD-98DF-17CACA9FF7EE}.Debug|Mixed Platforms.Deploy.0 = Debug|Xbox 360
		{1BA0DD13-734C-42FD-98DF-17CACA9FF7EE}.Debug|x86.ActiveCfg = Debug|Xbox 360
		{1BA0DD13-734C-42FD-98DF-17CACA9FF7EE}.Debug|Xbox 360.ActiveCfg = Debug|Xbox 360
		{1BA0DD13-734C-42FD-98DF-17CACA9FF7EE}.Debug|Xbox 360.Build.0 = Debug|Xbox 360
		{1BA0DD13-734C-42FD-98DF-17CACA9FF7EE}.Debug|Xbox 360.Deploy.0 = Debug|Xbox 360
		{1BA0DD13-734C-42FD-98DF-17CACA9FF7EE}.Profile_FastCap|Mixed Platforms.ActiveCfg = Profile_FastCap|Xbox 360
		{1BA0DD13-734C-42FD-98DF-17CACA9FF7EE}.Profile_FastCap|Mixed Platforms.Build.0 = Profile_FastCap|Xbox 360
		{1BA0DD13-734C-42FD-98DF-17CACA9FF7EE}.Profile_FastCap|Mixed Platforms.Deploy.0 = Profile_FastCap|Xbox 360
		{1BA0DD13-734C-42FD-98DF-17CACA9FF7EE}.Profile_FastCap|x86.ActiveCfg = Profile_FastCap|Xbox 360
		{1BA0DD13-734C-42FD-98DF-17CACA9FF7EE}.Profile_FastCap|Xbox 360.ActiveCfg = Profile_FastCap|Xbox 360
		{1BA0DD13-734C-42FD-98DF-17CACA9FF7EE}.Profile_FastCap|Xbox 360.Build.0 = Profile_FastCap|Xbox 360
		{1BA0DD13-734C-42FD-98DF-17CACA9FF7EE}.Profile_FastCap|Xbox 360.Deploy.0 = Profile_FastCap|Xbox 360
		{1BA0DD13-734C-42FD-98DF-17CACA9FF7EE}.Profile|Mixed Platforms.ActiveCfg = Profile|Xbox 360
		{1BA0DD13-734C-42FD-98DF-17CACA9FF7EE}.Profile|Mixed Platforms.Build.0 = Profile|Xbox 360
		{1BA0DD13-734C-42FD-98DF-17CACA9FF7EE}.Profile|Mixed Platforms.Deploy.0 = Profile|Xbox 360
		{1BA0DD13-734C-42FD-98DF-17CACA9FF7EE}.Profile|x86.ActiveCfg = Profile|Xbox 360
		{1BA0DD13-734C-42FD-98DF-17CACA9FF7EE}.Profile|Xbox 360.ActiveCfg = Profile|Xbox 360
		{1BA0DD13-734C-42FD-98DF-17CACA9FF7EE}.Profile|Xbox 360.Build.0 = Profile|Xbox 360
		{1BA0DD13-734C-42FD-98DF-17CACA9FF7EE}.Profile|Xbox 360.Deploy.0 = Profile|Xbox 360
		{1BA0DD13-734C-42FD-98DF-17CACA9FF7EE}.Release_LTCG|Mixed Platforms.ActiveCfg = Release_LTCG|Xbox 360
		{1BA0DD13-734C-42FD-98DF-17CACA9FF7EE}.Release_LTCG|Mixed Platforms.Build.0 = Release_LTCG|Xbox 360
		{1BA0DD13-734C-42FD-98DF-17CACA9FF7EE}.Release_LTCG|Mixed Platforms.Deploy.0 = Release_LTCG|Xbox 360
		{1BA0DD13-734C-42FD-98DF-17CACA9FF7EE}.Release_LTCG|x86.ActiveCfg = Release_LTCG|Xbox 360
		{1BA0DD13-734C-42FD-98DF-17CACA9FF7EE}.Release_LTCG|Xbox 360.ActiveCfg = Release_LTCG|Xbox 360
		{1BA0DD13-734C-42FD-98DF-17CACA9FF7EE}.Release_LTCG|Xbox 360.Build.0 = Release_LTCG|Xbox 360
		{1BA0DD13-734C-42FD-98DF-17CACA9FF7EE}.Release_LTCG|Xbox 360.Deploy.0 = Release_LTCG|Xbox 360
		{1BA0DD13-734C-42FD-98DF-17CACA9FF7EE}.Release|Mixed Platforms.ActiveCfg = Release|Xbox 360
		{1BA0DD13-734C-42FD-98DF-17CACA9FF7EE}.Release|Mixed Platforms.Build.0 = Release|Xbox 360
		{1BA0DD13-734C-42FD-98DF-17CACA9FF7EE}.Release|Mixed Platforms.Deploy.0 = Release|Xbox 360
		{1BA0DD13-734C-42FD-98DF-17CACA9FF7EE}.Release|x86.ActiveCfg = Release|Xbox 360
		{1BA0DD13-734C-42FD-98DF-17CACA9FF7EE}.Release|Xbox 360.ActiveCfg = Release|Xbox 360
		{1BA0DD13-734C-42FD-98DF-17CACA9FF7EE}.Release|Xbox 360.Build.0 = Release|Xbox 360
		{1BA0DD13-734C-42FD-98DF-17CACA9FF7EE}.Release|Xbox 360.Deploy.0 = Release|Xbox 360
		{8C092BD7-8097-4E39-8CA0-5BDC61D266F3}.CodeAnalysis|Mixed Platforms.ActiveCfg = CodeAnalysis|Xbox 360
		{8C092BD7-8097-4E39-8CA0-5BDC61D266F3}.CodeAnalysis|Mixed Platforms.Build.0 = CodeAnalysis|Xbox 360
		{8C092BD7-8097-4E39-8CA0-5BDC61D266F3}.CodeAnalysis|Mixed Platforms.Deploy.0 = CodeAnalysis|Xbox 360
		{8C092BD7-8097-4E39-8CA0-5BDC61D266F3}.CodeAnalysis|x86.ActiveCfg = CodeAnalysis|Xbox 360
		{8C092BD7-8097-4E39-8CA0-5BDC61D266F3}.CodeAnalysis|Xbox 360.ActiveCfg = CodeAnalysis|Xbox 360
		{8C092BD7-8097-4E39-8CA0-5BDC61D266F3}.CodeAnalysis|Xbox 360.Build.0 = CodeAnalysis|Xbox 360
		{8C092BD7-8097-4E39-8CA0-5BDC61D266F3}.CodeAnalysis|Xbox 360.Deploy.0 = CodeAnalysis|Xbox 360
		{8C092BD7-8097-4E39-8CA0-5BDC61D266F3}.Debug|Mixed Platforms.ActiveCfg = Debug|Xbox 360
		{8C092BD7-8097-4E39-8CA0-5BDC61D266F3}.Debug|Mixed Platforms.Build.0 = Debug|Xbox 360
		{8C092BD7-8097-4E39-8CA0-5BDC61D266F3}.Debug|Mixed Platforms.Deploy.0 = Debug|Xbox 360
		{8C092BD7-8097-4E39-8CA0-5BDC61D266F3}.Debug|x86.ActiveCfg = Debug|Xbox 360
		{8C092BD7-8097-4E39-8CA0-5BDC61D266F3}.Debug|Xbox 360.ActiveCfg = Debug|Xbox 360
		{8C092BD7-8097-4E39-8CA0-5BDC61D266F3}.Debug|Xbox 360.Build.0 = Debug|Xbox 360
		{8C092BD7-8097-4E39-8CA0-5BDC61D266F3}.Debug|Xbox 360.Deploy.0 = Debug|Xbox 360
		{8C092BD7-8097-4E39-8CA0-5BDC61D266F3}.Profile_FastCap|Mixed Platforms.ActiveCfg = Profile_FastCap|Xbox 360
		{8C092BD7-8097-4E39-8CA0-5BDC61D266F3}.Profile_FastCap|Mixed Platforms.Build.0 = Profile_FastCap|Xbox 360
		{8C092BD7-8097-4E39-8CA0-5BDC61D266F3}.Profile_FastCap|Mixed Platforms.Deploy.0 = Profile_FastCap|Xbox 360
		{8C092BD7-8097-4E39-8CA0-5BDC61D266F3}.Profile_FastCap|x86.ActiveCfg = Profile_FastCap|Xbox 360
		{8C092BD7-8097-4E39-8CA0-5BDC61D266F3}.Profile_FastCap|Xbox 360.ActiveCfg = Profile_FastCap|Xbox 360
		{8C092BD7-8097-4E39-8CA0-5BDC61D266F3}.Profile_FastCap|Xbox 360.Build.0 = Profile_FastCap|Xbox 360
		{8C092BD7-8097-4E39-8CA0-5BDC61D266F3}.Profile_FastCap|Xbox 360.Deploy.0 = Profile_FastCap|Xbox 360
		{8C092BD7-8097-4E39-8CA0-5BDC61D266F3}.Profile|Mixed Platforms.ActiveCfg = Profile|Xbox 360
		{8C092BD7-8097-4E39-8CA0-5BDC61D266F3}.Profile|Mixed Platforms.Build.0 = Profile|Xbox 360
		{8C092BD7-8097-4E39-8CA0-5BDC61D266F3}.Profile|Mixed Platforms.Deploy.0 = Profile|Xbox 360
		{8C092BD7-8097-4E39-8CA0-5BDC61D266F3}.Profile|x86.ActiveCfg = Profile|Xbox 360
		{8C092BD7-8097-4E39-8CA0-5BDC61D266F3}.Profile|Xbox 360.ActiveCfg = Profile|Xbox 360
		{8C092BD7-8097-4E39-8CA0-5BDC61D266F3}.Profile|Xbox 360.Build.0 = Profile|Xbox 360
		{8C092BD7-8097-4E39-8CA0-5BDC61D266F3}.Profile|Xbox 360.Deploy.0 = Profile|Xbox 360
		{8C092BD7-8097-4E39-8CA0-5BDC61D266F3}.Release_LTCG|Mixed Platforms.ActiveCfg = Release_LTCG|Xbox 360
		{8C092BD7-8097-4E39-8CA0-5BDC61D266F3}.Release_LTCG|Mixed Platforms.Build.0 = Release_LTCG|Xbox 360
		{8C092BD7-8097-4E39-8CA0-5BDC61D266F3}.Release_LTCG|Mixed Platforms.Deploy.0 = Release_LTCG|Xbox 360
		{8C092BD7-8097-4E39-8CA0-5BDC61D266F3}.Release_LTCG|x86.ActiveCfg = Release_LTCG|Xbox 360
		{8C092BD7-8097-4E39-8CA0-5BDC61D266F3}.Release_LTCG|Xbox 360.ActiveCfg = Release_LTCG|Xbox 360
		{8C092BD7-8097-4E39-8CA0-5BDC61D266F3}.Release_LTCG|Xbox 360.Build.0 = Release_LTCG|Xbox 360
		{8C092BD7-8097-4E39-8CA0-5BDC61D266F3}.Release_LTCG|Xbox 360.Deploy.0 = Release_LTCG|Xbox 360
		{8C092BD7-8097-4E39-8CA0-5BDC61D266F3}.Release|Mixed Platforms.ActiveCfg = Release|Xbox 360
		{8C092BD7-8097-4E39-8CA0-5BDC61D266F3}.Release|Mixed Platforms.Build.0 = Release|Xbox 360
		{8C092BD7-8097-4E39-8CA0-5BDC61D266F3}.Release|Mixed Platforms.Deploy.0 = Release|Xbox 360
		{8C092BD7-8097-4E39-8CA0-5BDC61D266F3}.Release|x86.ActiveCfg = Release|Xbox 360
		{8C092BD7-8097-4E39-8CA0-5BDC61D266F3}.Release|Xbox 360.ActiveCfg = Release|Xbox 360
		{8C092BD7-8097-4E39-8CA0-5BDC61D266F3}.Release|Xbox 360.Build.0 = Release|Xbox 360
		{8C092BD7-8097-4E39-8CA0-5BDC61D266F3}.Release|Xbox 360.Deploy.0 = Release|Xbox 360
	EndGlobalSection
	GlobalSection(SolutionProperties) = preSolution
		HideSolutionNode = FALSE
	EndGlobalSection
EndGlobal
